
Microsoft Visual Studio Solution File, Format Version 12.00
# Visual Studio Version 16
VisualStudioVersion = 16.0.29503.13
MinimumVisualStudioVersion = 10.0.40219.1
Project("{FAE04EC0-301F-11D3-BF4B-00C04F79EFBC}") = "1_Проект_Гномы", "1_Проект_Гномы\1_Проект_Гномы.csproj", "{D28A66B9-F584-456E-8A3A-9A4C20490D6C}"
EndProject
Project("{FAE04EC0-301F-11D3-BF4B-00C04F79EFBC}") = "2 Проект Морской бой", "2 Проект Морской бой\2 Проект Морской бой.csproj", "{3471DB02-AB4E-48DC-99FB-2FC6B521DD73}"
EndProject
Project("{FAE04EC0-301F-11D3-BF4B-00C04F79EFBC}") = "Морской бой NEW", "Морской бой NEW\Морской бой NEW.csproj", "{FC17226B-F0CE-463C-90A8-8388082F1594}"
EndProject
Global
	GlobalSection(SolutionConfigurationPlatforms) = preSolution
		Debug|Any CPU = Debug|Any CPU
		Release|Any CPU = Release|Any CPU
	EndGlobalSection
	GlobalSection(ProjectConfigurationPlatforms) = postSolution
		{D28A66B9-F584-456E-8A3A-9A4C20490D6C}.Debug|Any CPU.ActiveCfg = Debug|Any CPU
		{D28A66B9-F584-456E-8A3A-9A4C20490D6C}.Debug|Any CPU.Build.0 = Debug|Any CPU
		{D28A66B9-F584-456E-8A3A-9A4C20490D6C}.Release|Any CPU.ActiveCfg = Release|Any CPU
		{D28A66B9-F584-456E-8A3A-9A4C20490D6C}.Release|Any CPU.Build.0 = Release|Any CPU
		{3471DB02-AB4E-48DC-99FB-2FC6B521DD73}.Debug|Any CPU.ActiveCfg = Debug|Any CPU
		{3471DB02-AB4E-48DC-99FB-2FC6B521DD73}.Debug|Any CPU.Build.0 = Debug|Any CPU
		{3471DB02-AB4E-48DC-99FB-2FC6B521DD73}.Release|Any CPU.ActiveCfg = Release|Any CPU
		{3471DB02-AB4E-48DC-99FB-2FC6B521DD73}.Release|Any CPU.Build.0 = Release|Any CPU
		{FC17226B-F0CE-463C-90A8-8388082F1594}.Debug|Any CPU.ActiveCfg = Debug|Any CPU
		{FC17226B-F0CE-463C-90A8-8388082F1594}.Debug|Any CPU.Build.0 = Debug|Any CPU
		{FC17226B-F0CE-463C-90A8-8388082F1594}.Release|Any CPU.ActiveCfg = Release|Any CPU
		{FC17226B-F0CE-463C-90A8-8388082F1594}.Release|Any CPU.Build.0 = Release|Any CPU
	EndGlobalSection
	GlobalSection(SolutionProperties) = preSolution
		HideSolutionNode = FALSE
	EndGlobalSection
	GlobalSection(ExtensibilityGlobals) = postSolution
		SolutionGuid = {B5F4F59E-5E25-4C14-95DC-D778FACAA326}
	EndGlobalSection
EndGlobal
